
Microsoft Visual Studio Solution File, Format Version 12.00
# Visual Studio 15
VisualStudioVersion = 15.0.27428.2037
MinimumVisualStudioVersion = 10.0.40219.1
Project("{8BC9CEB8-8B4A-11D0-8D11-00A0C91BC942}") = "TM-Synthesizer", "TM-Synthesizer\TM-Synthesizer.vcxproj", "{9868D9BC-355B-47EA-8779-E648518F81B5}"
EndProject
Global
	GlobalSection(SolutionConfigurationPlatforms) = preSolution
		Debug|x64 = Debug|x64
		Debug|x86 = Debug|x86
		Release|x64 = Release|x64
		Release|x86 = Release|x86
	EndGlobalSection
	GlobalSection(ProjectConfigurationPlatforms) = postSolution
		{9868D9BC-355B-47EA-8779-E648518F81B5}.Debug|x64.ActiveCfg = Debug|x64
		{9868D9BC-355B-47EA-8779-E648518F81B5}.Debug|x64.Build.0 = Debug|x64
		{9868D9BC-355B-47EA-8779-E648518F81B5}.Debug|x86.ActiveCfg = Debug|Win32
		{9868D9BC-355B-47EA-8779-E648518F81B5}.Debug|x86.Build.0 = Debug|Win32
		{9868D9BC-355B-47EA-8779-E648518F81B5}.Release|x64.ActiveCfg = Release|x64
		{9868D9BC-355B-47EA-8779-E648518F81B5}.Release|x64.Build.0 = Release|x64
		{9868D9BC-355B-47EA-8779-E648518F81B5}.Release|x86.ActiveCfg = Release|Win32
		{9868D9BC-355B-47EA-8779-E648518F81B5}.Release|x86.Build.0 = Release|Win32
	EndGlobalSection
	GlobalSection(SolutionProperties) = preSolution
		HideSolutionNode = FALSE
	EndGlobalSection
	GlobalSection(ExtensibilityGlobals) = postSolution
		SolutionGuid = {41927053-B75B-4E37-81FF-56D77A20D975}
	EndGlobalSection
EndGlobal
